
Microsoft Visual Studio Solution File, Format Version 12.00
# Visual Studio 15
VisualStudioVersion = 15.0.27130.2027
MinimumVisualStudioVersion = 10.0.40219.1
Project("{9A19103F-16F7-4668-BE54-9A1E7A4F7556}") = "01.Person", "01.Person\01.Person.csproj", "{388BC37E-5EC8-49E6-B481-38C475538372}"
EndProject
Project("{9A19103F-16F7-4668-BE54-9A1E7A4F7556}") = "02.BookShop", "02.BookShop\02.BookShop.csproj", "{A514BEC1-3D41-45EE-AA4C-B1623FC2A7C2}"
EndProject
Project("{9A19103F-16F7-4668-BE54-9A1E7A4F7556}") = "03.Mankind", "03.Mankind\03.Mankind.csproj", "{AA1FE55D-6C5F-4D22-A750-E5D4662E9D26}"
EndProject
Project("{9A19103F-16F7-4668-BE54-9A1E7A4F7556}") = "04.OnlineRadioDatabase", "04.OnlineRadioDatabase\04.OnlineRadioDatabase.csproj", "{3863F418-CC48-4CD9-AF9B-8B287D744B46}"
EndProject
Project("{9A19103F-16F7-4668-BE54-9A1E7A4F7556}") = "06.Animals", "06.Animals\06.Animals.csproj", "{21CC6A74-139E-47FE-81AD-C9D21C1D4EE2}"
EndProject
Project("{FAE04EC0-301F-11D3-BF4B-00C04F79EFBC}") = "05.MordorsCrueltyPlan", "05.MordorsCrueltyPlan\05.MordorsCrueltyPlan.csproj", "{F16994FC-A9BC-464E-96C4-E3CA3E37DDD0}"
EndProject
Global
	GlobalSection(SolutionConfigurationPlatforms) = preSolution
		Debug|Any CPU = Debug|Any CPU
		Release|Any CPU = Release|Any CPU
	EndGlobalSection
	GlobalSection(ProjectConfigurationPlatforms) = postSolution
		{388BC37E-5EC8-49E6-B481-38C475538372}.Debug|Any CPU.ActiveCfg = Debug|Any CPU
		{388BC37E-5EC8-49E6-B481-38C475538372}.Debug|Any CPU.Build.0 = Debug|Any CPU
		{388BC37E-5EC8-49E6-B481-38C475538372}.Release|Any CPU.ActiveCfg = Release|Any CPU
		{388BC37E-5EC8-49E6-B481-38C475538372}.Release|Any CPU.Build.0 = Release|Any CPU
		{A514BEC1-3D41-45EE-AA4C-B1623FC2A7C2}.Debug|Any CPU.ActiveCfg = Debug|Any CPU
		{A514BEC1-3D41-45EE-AA4C-B1623FC2A7C2}.Debug|Any CPU.Build.0 = Debug|Any CPU
		{A514BEC1-3D41-45EE-AA4C-B1623FC2A7C2}.Release|Any CPU.ActiveCfg = Release|Any CPU
		{A514BEC1-3D41-45EE-AA4C-B1623FC2A7C2}.Release|Any CPU.Build.0 = Release|Any CPU
		{AA1FE55D-6C5F-4D22-A750-E5D4662E9D26}.Debug|Any CPU.ActiveCfg = Debug|Any CPU
		{AA1FE55D-6C5F-4D22-A750-E5D4662E9D26}.Debug|Any CPU.Build.0 = Debug|Any CPU
		{AA1FE55D-6C5F-4D22-A750-E5D4662E9D26}.Release|Any CPU.ActiveCfg = Release|Any CPU
		{AA1FE55D-6C5F-4D22-A750-E5D4662E9D26}.Release|Any CPU.Build.0 = Release|Any CPU
		{3863F418-CC48-4CD9-AF9B-8B287D744B46}.Debug|Any CPU.ActiveCfg = Debug|Any CPU
		{3863F418-CC48-4CD9-AF9B-8B287D744B46}.Debug|Any CPU.Build.0 = Debug|Any CPU
		{3863F418-CC48-4CD9-AF9B-8B287D744B46}.Release|Any CPU.ActiveCfg = Release|Any CPU
		{3863F418-CC48-4CD9-AF9B-8B287D744B46}.Release|Any CPU.Build.0 = Release|Any CPU
		{21CC6A74-139E-47FE-81AD-C9D21C1D4EE2}.Debug|Any CPU.ActiveCfg = Debug|Any CPU
		{21CC6A74-139E-47FE-81AD-C9D21C1D4EE2}.Debug|Any CPU.Build.0 = Debug|Any CPU
		{21CC6A74-139E-47FE-81AD-C9D21C1D4EE2}.Release|Any CPU.ActiveCfg = Release|Any CPU
		{21CC6A74-139E-47FE-81AD-C9D21C1D4EE2}.Release|Any CPU.Build.0 = Release|Any CPU
		{F16994FC-A9BC-464E-96C4-E3CA3E37DDD0}.Debug|Any CPU.ActiveCfg = Debug|Any CPU
		{F16994FC-A9BC-464E-96C4-E3CA3E37DDD0}.Debug|Any CPU.Build.0 = Debug|Any CPU
		{F16994FC-A9BC-464E-96C4-E3CA3E37DDD0}.Release|Any CPU.ActiveCfg = Release|Any CPU
		{F16994FC-A9BC-464E-96C4-E3CA3E37DDD0}.Release|Any CPU.Build.0 = Release|Any CPU
	EndGlobalSection
	GlobalSection(SolutionProperties) = preSolution
		HideSolutionNode = FALSE
	EndGlobalSection
	GlobalSection(ExtensibilityGlobals) = postSolution
		SolutionGuid = {F074D0E2-76D1-4AD9-BBF3-DEC4567F6FA1}
	EndGlobalSection
EndGlobal
